# THIS IS AN AUTOGENERATED FILE. DO NOT EDIT THIS FILE DIRECTLY.
# yarn lockfile v1


bulma-extensions@^4.0.0:
  version "4.0.0"
  resolved "https://registry.yarnpkg.com/bulma-extensions/-/bulma-extensions-4.0.0.tgz#c37b0c539179fb9cffffa1c0116a6639d0f1e871"
  integrity sha512-RrHX5FoDHsMuuMA2/mqkY5XbQSg6KT8mJBaS20kQmb3eS1qRkwU7WMKJ9CQAi9tIsk8SO0EUHsu88k1xplF6Yw==
